
Microsoft Visual Studio Solution File, Format Version 12.00
# Visual Studio 15
VisualStudioVersion = 15.0.28307.329
MinimumVisualStudioVersion = 10.0.40219.1
Project("{FAE04EC0-301F-11D3-BF4B-00C04F79EFBC}") = "Snake", "Snake\Snake.csproj", "{FE2208D3-3719-4C47-904D-9C4ABC14B42C}"
EndProject
Global
	GlobalSection(SolutionConfigurationPlatforms) = preSolution
		Debug|Any CPU = Debug|Any CPU
		Release|Any CPU = Release|Any CPU
	EndGlobalSection
	GlobalSection(ProjectConfigurationPlatforms) = postSolution
		{FE2208D3-3719-4C47-904D-9C4ABC14B42C}.Debug|Any CPU.ActiveCfg = Debug|Any CPU
		{FE2208D3-3719-4C47-904D-9C4ABC14B42C}.Debug|Any CPU.Build.0 = Debug|Any CPU
		{FE2208D3-3719-4C47-904D-9C4ABC14B42C}.Release|Any CPU.ActiveCfg = Release|Any CPU
		{FE2208D3-3719-4C47-904D-9C4ABC14B42C}.Release|Any CPU.Build.0 = Release|Any CPU
	EndGlobalSection
	GlobalSection(SolutionProperties) = preSolution
		HideSolutionNode = FALSE
	EndGlobalSection
	GlobalSection(ExtensibilityGlobals) = postSolution
		SolutionGuid = {E879ECF9-697E-4DD9-8A66-D8B94C2016BE}
	EndGlobalSection
EndGlobal
